
Microsoft Visual Studio Solution File, Format Version 12.00
# Visual Studio Version 17
VisualStudioVersion = 17.9.34728.123
MinimumVisualStudioVersion = 10.0.40219.1
Project("{9A19103F-16F7-4668-BE54-9A1E7A4F7556}") = "Back.Interview", "Back.Interview.csproj", "{77F0D581-93A0-46F7-9360-D30ED93BB1C9}"
EndProject
Project("{FAE04EC0-301F-11D3-BF4B-00C04F79EFBC}") = "Back.Interview.Repository", "..\Back.Interview.Repository\Back.Interview.Repository.csproj", "{0DAF9842-7E5A-4574-AD08-564216A8D8D7}"
EndProject
Project("{FAE04EC0-301F-11D3-BF4B-00C04F79EFBC}") = "Back.Interview.Domain", "..\Back.Interview.Domain\Back.Interview.Domain.csproj", "{53944DEE-421B-4FA0-960A-7471C9258E72}"
EndProject
Global
	GlobalSection(SolutionConfigurationPlatforms) = preSolution
		Debug|Any CPU = Debug|Any CPU
		Release|Any CPU = Release|Any CPU
	EndGlobalSection
	GlobalSection(ProjectConfigurationPlatforms) = postSolution
		{77F0D581-93A0-46F7-9360-D30ED93BB1C9}.Debug|Any CPU.ActiveCfg = Debug|Any CPU
		{77F0D581-93A0-46F7-9360-D30ED93BB1C9}.Debug|Any CPU.Build.0 = Debug|Any CPU
		{77F0D581-93A0-46F7-9360-D30ED93BB1C9}.Release|Any CPU.ActiveCfg = Release|Any CPU
		{77F0D581-93A0-46F7-9360-D30ED93BB1C9}.Release|Any CPU.Build.0 = Release|Any CPU
		{0DAF9842-7E5A-4574-AD08-564216A8D8D7}.Debug|Any CPU.ActiveCfg = Debug|Any CPU
		{0DAF9842-7E5A-4574-AD08-564216A8D8D7}.Debug|Any CPU.Build.0 = Debug|Any CPU
		{0DAF9842-7E5A-4574-AD08-564216A8D8D7}.Release|Any CPU.ActiveCfg = Release|Any CPU
		{0DAF9842-7E5A-4574-AD08-564216A8D8D7}.Release|Any CPU.Build.0 = Release|Any CPU
		{53944DEE-421B-4FA0-960A-7471C9258E72}.Debug|Any CPU.ActiveCfg = Debug|Any CPU
		{53944DEE-421B-4FA0-960A-7471C9258E72}.Debug|Any CPU.Build.0 = Debug|Any CPU
		{53944DEE-421B-4FA0-960A-7471C9258E72}.Release|Any CPU.ActiveCfg = Release|Any CPU
		{53944DEE-421B-4FA0-960A-7471C9258E72}.Release|Any CPU.Build.0 = Release|Any CPU
	EndGlobalSection
	GlobalSection(SolutionProperties) = preSolution
		HideSolutionNode = FALSE
	EndGlobalSection
	GlobalSection(ExtensibilityGlobals) = postSolution
		SolutionGuid = {D056BBCF-265B-4E69-8758-765F78458E44}
	EndGlobalSection
EndGlobal
